
Microsoft Visual Studio Solution File, Format Version 12.00
# Visual Studio Version 17
VisualStudioVersion = 17.9.34723.18
MinimumVisualStudioVersion = 10.0.40219.1
Project("{FAE04EC0-301F-11D3-BF4B-00C04F79EFBC}") = "RequestTrackerAppModelLib", "RequestTrackerApp\RequestTrackerAppModelLib.csproj", "{6FDC69E2-D03C-46CE-8AB0-127CA2DC7A63}"
EndProject
Project("{FAE04EC0-301F-11D3-BF4B-00C04F79EFBC}") = "RequestTrackerApp", "RequestTrackerAppModel\RequestTrackerApp.csproj", "{8BB1F91A-41C3-4320-895D-E5521573D1A4}"
EndProject
Global
	GlobalSection(SolutionConfigurationPlatforms) = preSolution
		Debug|Any CPU = Debug|Any CPU
		Release|Any CPU = Release|Any CPU
	EndGlobalSection
	GlobalSection(ProjectConfigurationPlatforms) = postSolution
		{6FDC69E2-D03C-46CE-8AB0-127CA2DC7A63}.Debug|Any CPU.ActiveCfg = Debug|Any CPU
		{6FDC69E2-D03C-46CE-8AB0-127CA2DC7A63}.Debug|Any CPU.Build.0 = Debug|Any CPU
		{6FDC69E2-D03C-46CE-8AB0-127CA2DC7A63}.Release|Any CPU.ActiveCfg = Release|Any CPU
		{6FDC69E2-D03C-46CE-8AB0-127CA2DC7A63}.Release|Any CPU.Build.0 = Release|Any CPU
		{8BB1F91A-41C3-4320-895D-E5521573D1A4}.Debug|Any CPU.ActiveCfg = Debug|Any CPU
		{8BB1F91A-41C3-4320-895D-E5521573D1A4}.Debug|Any CPU.Build.0 = Debug|Any CPU
		{8BB1F91A-41C3-4320-895D-E5521573D1A4}.Release|Any CPU.ActiveCfg = Release|Any CPU
		{8BB1F91A-41C3-4320-895D-E5521573D1A4}.Release|Any CPU.Build.0 = Release|Any CPU
	EndGlobalSection
	GlobalSection(SolutionProperties) = preSolution
		HideSolutionNode = FALSE
	EndGlobalSection
	GlobalSection(ExtensibilityGlobals) = postSolution
		SolutionGuid = {AD2AD949-8F56-4FC3-B454-CE969004982D}
	EndGlobalSection
EndGlobal
