
Microsoft Visual Studio Solution File, Format Version 12.00
# Visual Studio Version 17
VisualStudioVersion = 17.9.34723.18
MinimumVisualStudioVersion = 10.0.40219.1
Project("{9A19103F-16F7-4668-BE54-9A1E7A4F7556}") = "EmployeeRequestTrackerAPI", "EmployeeRequestTrackerAPI\EmployeeRequestTrackerAPI.csproj", "{99EB47D6-630A-43EB-9782-05A0BF66627F}"
EndProject
Project("{FAE04EC0-301F-11D3-BF4B-00C04F79EFBC}") = "RequestTrackerAPIUnitTest", "RequestTrackerAPIUnitTest\RequestTrackerAPIUnitTest.csproj", "{3C9AA24A-1394-4C84-8270-28A360F4983C}"
EndProject
Global
	GlobalSection(SolutionConfigurationPlatforms) = preSolution
		Debug|Any CPU = Debug|Any CPU
		Release|Any CPU = Release|Any CPU
	EndGlobalSection
	GlobalSection(ProjectConfigurationPlatforms) = postSolution
		{99EB47D6-630A-43EB-9782-05A0BF66627F}.Debug|Any CPU.ActiveCfg = Debug|Any CPU
		{99EB47D6-630A-43EB-9782-05A0BF66627F}.Debug|Any CPU.Build.0 = Debug|Any CPU
		{99EB47D6-630A-43EB-9782-05A0BF66627F}.Release|Any CPU.ActiveCfg = Release|Any CPU
		{99EB47D6-630A-43EB-9782-05A0BF66627F}.Release|Any CPU.Build.0 = Release|Any CPU
		{3C9AA24A-1394-4C84-8270-28A360F4983C}.Debug|Any CPU.ActiveCfg = Debug|Any CPU
		{3C9AA24A-1394-4C84-8270-28A360F4983C}.Debug|Any CPU.Build.0 = Debug|Any CPU
		{3C9AA24A-1394-4C84-8270-28A360F4983C}.Release|Any CPU.ActiveCfg = Release|Any CPU
		{3C9AA24A-1394-4C84-8270-28A360F4983C}.Release|Any CPU.Build.0 = Release|Any CPU
	EndGlobalSection
	GlobalSection(SolutionProperties) = preSolution
		HideSolutionNode = FALSE
	EndGlobalSection
	GlobalSection(ExtensibilityGlobals) = postSolution
		SolutionGuid = {8A43FD94-C5EF-40B4-B0D6-70D677741033}
	EndGlobalSection
EndGlobal
