
Microsoft Visual Studio Solution File, Format Version 12.00
# Visual Studio Version 17
VisualStudioVersion = 17.9.34723.18
MinimumVisualStudioVersion = 10.0.40219.1
Project("{FAE04EC0-301F-11D3-BF4B-00C04F79EFBC}") = "EmployeeManagementApp", "EmployeeManagementApp\EmployeeManagementApp.csproj", "{FBFEF8F3-AEC8-40E0-91CE-478272929E75}"
EndProject
Project("{FAE04EC0-301F-11D3-BF4B-00C04F79EFBC}") = "EmployeeManagementLibrary", "EmployeeManagementLibrary\EmployeeManagementLibrary.csproj", "{BCD93966-E788-447D-AA8D-61585B1F1E93}"
EndProject
Global
	GlobalSection(SolutionConfigurationPlatforms) = preSolution
		Debug|Any CPU = Debug|Any CPU
		Release|Any CPU = Release|Any CPU
	EndGlobalSection
	GlobalSection(ProjectConfigurationPlatforms) = postSolution
		{FBFEF8F3-AEC8-40E0-91CE-478272929E75}.Debug|Any CPU.ActiveCfg = Debug|Any CPU
		{FBFEF8F3-AEC8-40E0-91CE-478272929E75}.Debug|Any CPU.Build.0 = Debug|Any CPU
		{FBFEF8F3-AEC8-40E0-91CE-478272929E75}.Release|Any CPU.ActiveCfg = Release|Any CPU
		{FBFEF8F3-AEC8-40E0-91CE-478272929E75}.Release|Any CPU.Build.0 = Release|Any CPU
		{BCD93966-E788-447D-AA8D-61585B1F1E93}.Debug|Any CPU.ActiveCfg = Debug|Any CPU
		{BCD93966-E788-447D-AA8D-61585B1F1E93}.Debug|Any CPU.Build.0 = Debug|Any CPU
		{BCD93966-E788-447D-AA8D-61585B1F1E93}.Release|Any CPU.ActiveCfg = Release|Any CPU
		{BCD93966-E788-447D-AA8D-61585B1F1E93}.Release|Any CPU.Build.0 = Release|Any CPU
	EndGlobalSection
	GlobalSection(SolutionProperties) = preSolution
		HideSolutionNode = FALSE
	EndGlobalSection
	GlobalSection(ExtensibilityGlobals) = postSolution
		SolutionGuid = {B9922912-DA57-4EA1-917B-56DBD150B0D9}
	EndGlobalSection
EndGlobal
