
Microsoft Visual Studio Solution File, Format Version 12.00
# Visual Studio Version 17
VisualStudioVersion = 17.9.34723.18
MinimumVisualStudioVersion = 10.0.40219.1
Project("{FAE04EC0-301F-11D3-BF4B-00C04F79EFBC}") = "SampleEFApp", "SampleEFApp\SampleEFApp.csproj", "{193EFB86-A409-4A1D-94D8-7D72073E025E}"
EndProject
Global
	GlobalSection(SolutionConfigurationPlatforms) = preSolution
		Debug|Any CPU = Debug|Any CPU
		Release|Any CPU = Release|Any CPU
	EndGlobalSection
	GlobalSection(ProjectConfigurationPlatforms) = postSolution
		{193EFB86-A409-4A1D-94D8-7D72073E025E}.Debug|Any CPU.ActiveCfg = Debug|Any CPU
		{193EFB86-A409-4A1D-94D8-7D72073E025E}.Debug|Any CPU.Build.0 = Debug|Any CPU
		{193EFB86-A409-4A1D-94D8-7D72073E025E}.Release|Any CPU.ActiveCfg = Release|Any CPU
		{193EFB86-A409-4A1D-94D8-7D72073E025E}.Release|Any CPU.Build.0 = Release|Any CPU
	EndGlobalSection
	GlobalSection(SolutionProperties) = preSolution
		HideSolutionNode = FALSE
	EndGlobalSection
	GlobalSection(ExtensibilityGlobals) = postSolution
		SolutionGuid = {ACA929AC-C4BF-4159-ADBA-2AA14B33E9CD}
	EndGlobalSection
EndGlobal
