
Microsoft Visual Studio Solution File, Format Version 12.00
# Visual Studio Version 17
VisualStudioVersion = 17.9.34723.18
MinimumVisualStudioVersion = 10.0.40219.1
Project("{FAE04EC0-301F-11D3-BF4B-00C04F79EFBC}") = "PizzaShopAPI", "PizzaShopAPI\PizzaShopAPI.csproj", "{EF2F23C6-924D-41CF-A436-9F61C3848EA1}"
EndProject
Global
	GlobalSection(SolutionConfigurationPlatforms) = preSolution
		Debug|Any CPU = Debug|Any CPU
		Release|Any CPU = Release|Any CPU
	EndGlobalSection
	GlobalSection(ProjectConfigurationPlatforms) = postSolution
		{EF2F23C6-924D-41CF-A436-9F61C3848EA1}.Debug|Any CPU.ActiveCfg = Debug|Any CPU
		{EF2F23C6-924D-41CF-A436-9F61C3848EA1}.Debug|Any CPU.Build.0 = Debug|Any CPU
		{EF2F23C6-924D-41CF-A436-9F61C3848EA1}.Release|Any CPU.ActiveCfg = Release|Any CPU
		{EF2F23C6-924D-41CF-A436-9F61C3848EA1}.Release|Any CPU.Build.0 = Release|Any CPU
	EndGlobalSection
	GlobalSection(SolutionProperties) = preSolution
		HideSolutionNode = FALSE
	EndGlobalSection
	GlobalSection(ExtensibilityGlobals) = postSolution
		SolutionGuid = {F88798A1-7044-487A-BF00-BB3895D37B9C}
	EndGlobalSection
EndGlobal
