
Microsoft Visual Studio Solution File, Format Version 12.00
# Visual Studio Version 17
VisualStudioVersion = 17.9.34723.18
MinimumVisualStudioVersion = 10.0.40219.1
Project("{FAE04EC0-301F-11D3-BF4B-00C04F79EFBC}") = "RequestTrackerApp", "RequestTrackerApp\RequestTrackerApp.csproj", "{F471B5D4-7482-4764-A77A-C9A9A9FA2A9D}"
EndProject
Project("{FAE04EC0-301F-11D3-BF4B-00C04F79EFBC}") = "RequestTrackerAppModelLib", "RequestTrackerAppModelLib\RequestTrackerAppModelLib.csproj", "{3AC28F14-6819-4FD2-A970-C67884617453}"
EndProject
Global
	GlobalSection(SolutionConfigurationPlatforms) = preSolution
		Debug|Any CPU = Debug|Any CPU
		Release|Any CPU = Release|Any CPU
	EndGlobalSection
	GlobalSection(ProjectConfigurationPlatforms) = postSolution
		{F471B5D4-7482-4764-A77A-C9A9A9FA2A9D}.Debug|Any CPU.ActiveCfg = Debug|Any CPU
		{F471B5D4-7482-4764-A77A-C9A9A9FA2A9D}.Debug|Any CPU.Build.0 = Debug|Any CPU
		{F471B5D4-7482-4764-A77A-C9A9A9FA2A9D}.Release|Any CPU.ActiveCfg = Release|Any CPU
		{F471B5D4-7482-4764-A77A-C9A9A9FA2A9D}.Release|Any CPU.Build.0 = Release|Any CPU
		{3AC28F14-6819-4FD2-A970-C67884617453}.Debug|Any CPU.ActiveCfg = Debug|Any CPU
		{3AC28F14-6819-4FD2-A970-C67884617453}.Debug|Any CPU.Build.0 = Debug|Any CPU
		{3AC28F14-6819-4FD2-A970-C67884617453}.Release|Any CPU.ActiveCfg = Release|Any CPU
		{3AC28F14-6819-4FD2-A970-C67884617453}.Release|Any CPU.Build.0 = Release|Any CPU
	EndGlobalSection
	GlobalSection(SolutionProperties) = preSolution
		HideSolutionNode = FALSE
	EndGlobalSection
	GlobalSection(ExtensibilityGlobals) = postSolution
		SolutionGuid = {4A447885-4D22-49CA-B1BA-B680113FA34E}
	EndGlobalSection
EndGlobal
